PODS:
  - AWSCognito (2.4.9):
    - AWSCore (= 2.4.9)
  - AWSCore (2.4.9)
  - AWSS3 (2.4.9):
    - AWSCore (= 2.4.9)
  - AWSSNS (2.4.9):
    - AWSCore (= 2.4.9)
  - Bolts (1.8.4):
    - Bolts/AppLinks (= 1.8.4)
    - Bolts/Tasks (= 1.8.4)
  - Bolts/AppLinks (1.8.4):
    - Bolts/Tasks
  - Bolts/Tasks (1.8.4)
  - FBSDKCoreKit (4.16.0):
    - Bolts (~> 1.7)
  - FBSDKLoginKit (4.16.0):
    - FBSDKCoreKit

DEPENDENCIES:
  - AWSCognito
  - AWSCore
  - AWSS3
  - AWSSNS
  - FBSDKCoreKit
  - FBSDKLoginKit

SPEC CHECKSUMS:
  AWSCognito: 4fa9fefcadae1d8425b01cbde27d564c21e3fd35
  AWSCore: 175208358b95492e0ebe0337df2ab415300bddac
  AWSS3: e4959b48db48d5f3dcd5cdf9e24a07f60a313611
  AWSSNS: 85513f30d76556ff43bc0772e65f1a74008a488f
  Bolts: 8a7995239dbe724f9cba2248b766d48b7ebdd322
  FBSDKCoreKit: 7a6baaed4a2b2a244ba253346713bdbc74df135b
  FBSDKLoginKit: 9a514a55a7d05190f64d4ef09502737588b5b561

PODFILE CHECKSUM: f0f33309fc243a952e48320231c8f37347c8422e

COCOAPODS: 1.0.1
